
Microsoft Visual Studio Solution File, Format Version 12.00
# Visual Studio Version 17
VisualStudioVersion = 17.5.33627.172
MinimumVisualStudioVersion = 10.0.40219.1
Project("{FAE04EC0-301F-11D3-BF4B-00C04F79EFBC}") = "Memes", "Memes\Memes.csproj", "{525BC28C-EBB6-4A80-B4C1-32FDC9F03E60}"
EndProject
Global
	GlobalSection(SolutionConfigurationPlatforms) = preSolution
		Debug|Any CPU = Debug|Any CPU
		Release|Any CPU = Release|Any CPU
	EndGlobalSection
	GlobalSection(ProjectConfigurationPlatforms) = postSolution
		{525BC28C-EBB6-4A80-B4C1-32FDC9F03E60}.Debug|Any CPU.ActiveCfg = Debug|Any CPU
		{525BC28C-EBB6-4A80-B4C1-32FDC9F03E60}.Debug|Any CPU.Build.0 = Debug|Any CPU
		{525BC28C-EBB6-4A80-B4C1-32FDC9F03E60}.Release|Any CPU.ActiveCfg = Release|Any CPU
		{525BC28C-EBB6-4A80-B4C1-32FDC9F03E60}.Release|Any CPU.Build.0 = Release|Any CPU
	EndGlobalSection
	GlobalSection(SolutionProperties) = preSolution
		HideSolutionNode = FALSE
	EndGlobalSection
	GlobalSection(ExtensibilityGlobals) = postSolution
		SolutionGuid = {273F354D-4459-4D5B-847E-E1645EC18AE6}
	EndGlobalSection
EndGlobal
